
Microsoft Visual Studio Solution File, Format Version 12.00
# Visual Studio Version 16
VisualStudioVersion = 16.0.30611.23
MinimumVisualStudioVersion = 10.0.40219.1
Project("{FAE04EC0-301F-11D3-BF4B-00C04F79EFBC}") = "BackEndTest", "BackEndTest.csproj", "{9FB0B1F0-73ED-4862-9FA9-377F6B1687E2}"
EndProject
Global
	GlobalSection(SolutionConfigurationPlatforms) = preSolution
		Debug|Any CPU = Debug|Any CPU
		Release|Any CPU = Release|Any CPU
	EndGlobalSection
	GlobalSection(ProjectConfigurationPlatforms) = postSolution
		{9FB0B1F0-73ED-4862-9FA9-377F6B1687E2}.Debug|Any CPU.ActiveCfg = Debug|Any CPU
		{9FB0B1F0-73ED-4862-9FA9-377F6B1687E2}.Debug|Any CPU.Build.0 = Debug|Any CPU
		{9FB0B1F0-73ED-4862-9FA9-377F6B1687E2}.Release|Any CPU.ActiveCfg = Release|Any CPU
		{9FB0B1F0-73ED-4862-9FA9-377F6B1687E2}.Release|Any CPU.Build.0 = Release|Any CPU
	EndGlobalSection
	GlobalSection(SolutionProperties) = preSolution
		HideSolutionNode = FALSE
	EndGlobalSection
	GlobalSection(ExtensibilityGlobals) = postSolution
		SolutionGuid = {1FDABE6B-CAD1-4378-AD14-750154788AE8}
	EndGlobalSection
EndGlobal
